// !$*UTF8*$!
{
	archiveVersion = 1;
	classes = {
	};
	objectVersion = 50;
	objects = {

/* Begin PBXBuildFile section */
		CD8689B721EE55FA009039ED /* ViewProgram.swift in Sources */ = {isa = PBXBuildFile; fileRef = CD8689B621EE55FA009039ED /* ViewProgram.swift */; };
		CD8689BE21EE5602009039ED /* Assets.xcassets in Resources */ = {isa = PBXBuildFile; fileRef = CD8689BD21EE5602009039ED /* Assets.xcassets */; };
		CD8689C121EE5602009039ED /* LaunchScreen.storyboard in Resources */ = {isa = PBXBuildFile; fileRef = CD8689BF21EE5602009039ED /* LaunchScreen.storyboard */; };
		CD8689CD21EFB9EE009039ED /* video4.mp4 in Resources */ = {isa = PBXBuildFile; fileRef = CD8689C821EFB9EE009039ED /* video4.mp4 */; };
		CD8689CE21EFB9EE009039ED /* video5.mp4 in Resources */ = {isa = PBXBuildFile; fileRef = CD8689C921EFB9EE009039ED /* video5.mp4 */; };
		CD8689CF21EFB9EE009039ED /* video3.mp4 in Resources */ = {isa = PBXBuildFile; fileRef = CD8689CA21EFB9EE009039ED /* video3.mp4 */; };
		CD8689D021EFB9EE009039ED /* video1.mp4 in Resources */ = {isa = PBXBuildFile; fileRef = CD8689CB21EFB9EE009039ED /* video1.mp4 */; };
		CD8689D121EFB9EE009039ED /* video2.mp4 in Resources */ = {isa = PBXBuildFile; fileRef = CD8689CC21EFB9EE009039ED /* video2.mp4 */; };
/* End PBXBuildFile section */

/* Begin PBXFileReference section */
		CD8689B321EE55FA009039ED /* ViewProgramatically.app */ = {isa = PBXFileReference; explicitFileType = wrapper.application; includeInIndex = 0; path = ViewProgramatically.app; sourceTree = BUILT_PRODUCTS_DIR; };
		CD8689B621EE55FA009039ED /* ViewProgram.swift */ = {isa = PBXFileReference; lastKnownFileType = sourcecode.swift; path = ViewProgram.swift; sourceTree = "<group>"; };
		CD8689BD21EE5602009039ED /* Assets.xcassets */ = {isa = PBXFileReference; lastKnownFileType = folder.assetcatalog; path = Assets.xcassets; sourceTree = "<group>"; };
		CD8689C021EE5602009039ED /* Base */ = {isa = PBXFileReference; lastKnownFileType = file.storyboard; name = Base; path = Base.lproj/LaunchScreen.storyboard; sourceTree = "<group>"; };
		CD8689C221EE5602009039ED /* Info.plist */ = {isa = PBXFileReference; lastKnownFileType = text.plist.xml; path = Info.plist; sourceTree = "<group>"; };
		CD8689C821EFB9EE009039ED /* video4.mp4 */ = {isa = PBXFileReference; lastKnownFileType = file; path = video4.mp4; sourceTree = "<group>"; };
		CD8689C921EFB9EE009039ED /* video5.mp4 */ = {isa = PBXFileReference; lastKnownFileType = file; path = video5.mp4; sourceTree = "<group>"; };
		CD8689CA21EFB9EE009039ED /* video3.mp4 */ = {isa = PBXFileReference; lastKnownFileType = file; path = video3.mp4; sourceTree = "<group>"; };
		CD8689CB21EFB9EE009039ED /* video1.mp4 */ = {isa = PBXFileReference; lastKnownFileType = file; path = video1.mp4; sourceTree = "<group>"; };
		CD8689CC21EFB9EE009039ED /* video2.mp4 */ = {isa = PBXFileReference; lastKnownFileType = file; path = video2.mp4; sourceTree = "<group>"; };
/* End PBXFileReference section */

/* Begin PBXFrameworksBuildPhase section */
		CD8689B021EE55FA009039ED /* Frameworks */ = {
			isa = PBXFrameworksBuildPhase;
			buildActionMask = 2147483647;
			files = (
			);
			runOnlyForDeploymentPostprocessing = 0;
		};
/* End PBXFrameworksBuildPhase section */

/* Begin PBXGroup section */
		CD8689AA21EE55FA009039ED = {
			isa = PBXGroup;
			children = (
				CD8689B521EE55FA009039ED /* ViewProgramatically */,
				CD8689B421EE55FA009039ED /* Products */,
				CD8689D421EFDFDE009039ED /* Videos */,
			);
			sourceTree = "<group>";
		};
		CD8689B421EE55FA009039ED /* Products */ = {
			isa = PBXGroup;
			children = (
				CD8689B321EE55FA009039ED /* ViewProgramatically.app */,
			);
			name = Products;
			sourceTree = "<group>";
		};
		CD8689B521EE55FA009039ED /* ViewProgramatically */ = {
			isa = PBXGroup;
			children = (
				CD8689B621EE55FA009039ED /* ViewProgram.swift */,
				CD8689BD21EE5602009039ED /* Assets.xcassets */,
				CD8689BF21EE5602009039ED /* LaunchScreen.storyboard */,
				CD8689C221EE5602009039ED /* Info.plist */,
			);
			path = ViewProgramatically;
			sourceTree = "<group>";
		};
		CD8689D421EFDFDE009039ED /* Videos */ = {
			isa = PBXGroup;
			children = (
				CD8689CB21EFB9EE009039ED /* video1.mp4 */,
				CD8689CC21EFB9EE009039ED /* video2.mp4 */,
				CD8689C821EFB9EE009039ED /* video4.mp4 */,
				CD8689CA21EFB9EE009039ED /* video3.mp4 */,
				CD8689C921EFB9EE009039ED /* video5.mp4 */,
			);
			path = Videos;
			sourceTree = "<group>";
		};
/* End PBXGroup section */

/* Begin PBXNativeTarget section */
		CD8689B221EE55FA009039ED /* ViewProgramatically */ = {
			isa = PBXNativeTarget;
			buildConfigurationList = CD8689C521EE5602009039ED /* Build configuration list for PBXNativeTarget "ViewProgramatically" */;
			buildPhases = (
				CD8689AF21EE55FA009039ED /* Sources */,
				CD8689B021EE55FA009039ED /* Frameworks */,
				CD8689B121EE55FA009039ED /* Resources */,
			);
			buildRules = (
			);
			dependencies = (
			);
			name = ViewProgramatically;
			productName = ViewProgramatically;
			productReference = CD8689B321EE55FA009039ED /* ViewProgramatically.app */;
			productType = "com.apple.product-type.application";
		};
/* End PBXNativeTarget section */

/* Begin PBXProject section */
		CD8689AB21EE55FA009039ED /* Project object */ = {
			isa = PBXProject;
			attributes = {
				LastSwiftUpdateCheck = 1010;
				LastUpgradeCheck = 1010;
				ORGANIZATIONNAME = "Eric Fuentes";
				TargetAttributes = {
					CD8689B221EE55FA009039ED = {
						CreatedOnToolsVersion = 10.1;
					};
				};
			};
			buildConfigurationList = CD8689AE21EE55FA009039ED /* Build configuration list for PBXProject "ViewProgramatically" */;
			compatibilityVersion = "Xcode 9.3";
			developmentRegion = en;
			hasScannedForEncodings = 0;
			knownRegions = (
				en,
				Base,
			);
			mainGroup = CD8689AA21EE55FA009039ED;
			productRefGroup = CD8689B421EE55FA009039ED /* Products */;
			projectDirPath = "";
			projectRoot = "";
			targets = (
				CD8689B221EE55FA009039ED /* ViewProgramatically */,
			);
		};
/* End PBXProject section */

/* Begin PBXResourcesBuildPhase section */
		CD8689B121EE55FA009039ED /* Resources */ = {
			isa = PBXResourcesBuildPhase;
			buildActionMask = 2147483647;
			files = (
				CD8689D121EFB9EE009039ED /* video2.mp4 in Resources */,
				CD8689CD21EFB9EE009039ED /* video4.mp4 in Resources */,
				CD8689CE21EFB9EE009039ED /* video5.mp4 in Resources */,
				CD8689C121EE5602009039ED /* LaunchScreen.storyboard in Resources */,
				CD8689D021EFB9EE009039ED /* video1.mp4 in Resources */,
				CD8689CF21EFB9EE009039ED /* video3.mp4 in Resources */,
				CD8689BE21EE5602009039ED /* Assets.xcassets in Resources */,
			);
			runOnlyForDeploymentPostprocessing = 0;
		};
/* End PBXResourcesBuildPhase section */

/* Begin PBXSourcesBuildPhase section */
		CD8689AF21EE55FA009039ED /* Sources */ = {
			isa = PBXSourcesBuildPhase;
			buildActionMask = 2147483647;
			files = (
				CD8689B721EE55FA009039ED /* ViewProgram.swift in Sources */,
			);
			runOnlyForDeploymentPostprocessing = 0;
		};
/* End PBXSourcesBuildPhase section */

/* Begin PBXVariantGroup section */
		CD8689BF21EE5602009039ED /* LaunchScreen.storyboard */ = {
			isa = PBXVariantGroup;
			children = (
				CD8689C021EE5602009039ED /* Base */,
			);
			name = LaunchScreen.storyboard;
			sourceTree = "<group>";
		};
/* End PBXVariantGroup section */

/* Begin XCBuildConfiguration section */
		CD8689C321EE5602009039ED /* Debug */ = {
			isa = XCBuildConfiguration;
			buildSettings = {
				ALWAYS_SEARCH_USER_PATHS = NO;
				CLANG_ANALYZER_NONNULL = YES;
				CLANG_ANALYZER_NUMBER_OBJECT_CONVERSION = YES_AGGRESSIVE;
				CLANG_CXX_LANGUAGE_STANDARD = "gnu++14";
				CLANG_CXX_LIBRARY = "libc++";
				CLANG_ENABLE_MODULES = YES;
				CLANG_ENABLE_OBJC_ARC = YES;
				CLANG_ENABLE_OBJC_WEAK = YES;
				CLANG_WARN_BLOCK_CAPTURE_AUTORELEASING = YES;
				CLANG_WARN_BOOL_CONVERSION = YES;
				CLANG_WARN_COMMA = YES;
				CLANG_WARN_CONSTANT_CONVERSION = YES;
				CLANG_WARN_DEPRECATED_OBJC_IMPLEMENTATIONS = YES;
				CLANG_WARN_DIRECT_OBJC_ISA_USAGE = YES_ERROR;
				CLANG_WARN_DOCUMENTATION_COMMENTS = YES;
				CLANG_WARN_EMPTY_BODY = YES;
				CLANG_WARN_ENUM_CONVERSION = YES;
				CLANG_WARN_INFINITE_RECURSION = YES;
				CLANG_WARN_INT_CONVERSION = YES;
				CLANG_WARN_NON_LITERAL_NULL_CONVERSION = YES;
				CLANG_WARN_OBJC_IMPLICIT_RETAIN_SELF = YES;
				CLANG_WARN_OBJC_LITERAL_CONVERSION = YES;
				CLANG_WARN_OBJC_ROOT_CLASS = YES_ERROR;
				CLANG_WARN_RANGE_LOOP_ANALYSIS = YES;
				CLANG_WARN_STRICT_PROTOTYPES = YES;
				CLANG_WARN_SUSPICIOUS_MOVE = YES;
				CLANG_WARN_UNGUARDED_AVAILABILITY = YES_AGGRESSIVE;
				CLANG_WARN_UNREACHABLE_CODE = YES;
				CLANG_WARN__DUPLICATE_METHOD_MATCH = YES;
				CODE_SIGN_IDENTITY = "iPhone Developer";
				COPY_PHASE_STRIP = NO;
				DEBUG_INFORMATION_FORMAT = dwarf;
				ENABLE_STRICT_OBJC_MSGSEND = YES;
				ENABLE_TESTABILITY = YES;
				GCC_C_LANGUAGE_STANDARD = gnu11;
				GCC_DYNAMIC_NO_PIC = NO;
				GCC_NO_COMMON_BLOCKS = YES;
				GCC_OPTIMIZATION_LEVEL = 0;
				GCC_PREPROCESSOR_DEFINITIONS = (
					"DEBUG=1",
					"$(inherited)",
				);
				GCC_WARN_64_TO_32_BIT_CONVERSION = YES;
				GCC_WARN_ABOUT_RETURN_TYPE = YES_ERROR;
				GCC_WARN_UNDECLARED_SELECTOR = YES;
				GCC_WARN_UNINITIALIZED_AUTOS = YES_AGGRESSIVE;
				GCC_WARN_UNUSED_FUNCTION = YES;
				GCC_WARN_UNUSED_VARIABLE = YES;
				IPHONEOS_DEPLOYMENT_TARGET = 12.1;
				MTL_ENABLE_DEBUG_INFO = INCLUDE_SOURCE;
				MTL_FAST_MATH = YES;
				ONLY_ACTIVE_ARCH = YES;
				SDKROOT = iphoneos;
				SWIFT_ACTIVE_COMPILATION_CONDITIONS = DEBUG;
				SWIFT_OPTIMIZATION_LEVEL = "-Onone";
			};
			name = Debug;
		};
		CD8689C421EE5602009039ED /* Release */ = {
			isa = XCBuildConfiguration;
			buildSettings = {
				ALWAYS_SEARCH_USER_PATHS = NO;
				CLANG_ANALYZER_NONNULL = YES;
				CLANG_ANALYZER_NUMBER_OBJECT_CONVERSION = YES_AGGRESSIVE;
				CLANG_CXX_LANGUAGE_STANDARD = "gnu++14";
				CLANG_CXX_LIBRARY = "libc++";
				CLANG_ENABLE_MODULES = YES;
				CLANG_ENABLE_OBJC_ARC = YES;
				CLANG_ENABLE_OBJC_WEAK = YES;
				CLANG_WARN_BLOCK_CAPTURE_AUTORELEASING = YES;
				CLANG_WARN_BOOL_CONVERSION = YES;
				CLANG_WARN_COMMA = YES;
				CLANG_WARN_CONSTANT_CONVERSION = YES;
				CLANG_WARN_DEPRECATED_OBJC_IMPLEMENTATIONS = YES;
				CLANG_WARN_DIRECT_OBJC_ISA_USAGE = YES_ERROR;
				CLANG_WARN_DOCUMENTATION_COMMENTS = YES;
				CLANG_WARN_EMPTY_BODY = YES;
				CLANG_WARN_ENUM_CONVERSION = YES;
				CLANG_WARN_INFINITE_RECURSION = YES;
				CLANG_WARN_INT_CONVERSION = YES;
				CLANG_WARN_NON_LITERAL_NULL_CONVERSION = YES;
				CLANG_WARN_OBJC_IMPLICIT_RETAIN_SELF = YES;
				CLANG_WARN_OBJC_LITERAL_CONVERSION = YES;
				CLANG_WARN_OBJC_ROOT_CLASS = YES_ERROR;
				CLANG_WARN_RANGE_LOOP_ANALYSIS = YES;
				CLANG_WARN_STRICT_PROTOTYPES = YES;
				CLANG_WARN_SUSPICIOUS_MOVE = YES;
				CLANG_WARN_UNGUARDED_AVAILABILITY = YES_AGGRESSIVE;
				CLANG_WARN_UNREACHABLE_CODE = YES;
				CLANG_WARN__DUPLICATE_METHOD_MATCH = YES;
				CODE_SIGN_IDENTITY = "iPhone Developer";
				COPY_PHASE_STRIP = NO;
				DEBUG_INFORMATION_FORMAT = "dwarf-with-dsym";
				ENABLE_NS_ASSERTIONS = NO;
				ENABLE_STRICT_OBJC_MSGSEND = YES;
				GCC_C_LANGUAGE_STANDARD = gnu11;
				GCC_NO_COMMON_BLOCKS = YES;
				GCC_WARN_64_TO_32_BIT_CONVERSION = YES;
				GCC_WARN_ABOUT_RETURN_TYPE = YES_ERROR;
				GCC_WARN_UNDECLARED_SELECTOR = YES;
				GCC_WARN_UNINITIALIZED_AUTOS = YES_AGGRESSIVE;
				GCC_WARN_UNUSED_FUNCTION = YES;
				GCC_WARN_UNUSED_VARIABLE = YES;
				IPHONEOS_DEPLOYMENT_TARGET = 12.1;
				MTL_ENABLE_DEBUG_INFO = NO;
				MTL_FAST_MATH = YES;
				SDKROOT = iphoneos;
				SWIFT_COMPILATION_MODE = wholemodule;
				SWIFT_OPTIMIZATION_LEVEL = "-O";
				VALIDATE_PRODUCT = YES;
			};
			name = Release;
		};
		CD8689C621EE5602009039ED /* Debug */ = {
			isa = XCBuildConfiguration;
			buildSettings = {
				ASSETCATALOG_COMPILER_APPICON_NAME = AppIcon;
				CODE_SIGN_STYLE = Automatic;
				DEVELOPMENT_TEAM = MJFJ4F2LJV;
				INFOPLIST_FILE = ViewProgramatically/Info.plist;
				LD_RUNPATH_SEARCH_PATHS = (
					"$(inherited)",
					"@executable_path/Frameworks",
				);
				PRODUCT_BUNDLE_IDENTIFIER = com.EricFuentes.ViewProgramatically;
				PRODUCT_NAME = "$(TARGET_NAME)";
				SWIFT_VERSION = 4.2;
				TARGETED_DEVICE_FAMILY = "1,2";
			};
			name = Debug;
		};
		CD8689C721EE5602009039ED /* Release */ = {
			isa = XCBuildConfiguration;
			buildSettings = {
				ASSETCATALOG_COMPILER_APPICON_NAME = AppIcon;
				CODE_SIGN_STYLE = Automatic;
				DEVELOPMENT_TEAM = MJFJ4F2LJV;
				INFOPLIST_FILE = ViewProgramatically/Info.plist;
				LD_RUNPATH_SEARCH_PATHS = (
					"$(inherited)",
					"@executable_path/Frameworks",
				);
				PRODUCT_BUNDLE_IDENTIFIER = com.EricFuentes.ViewProgramatically;
				PRODUCT_NAME = "$(TARGET_NAME)";
				SWIFT_VERSION = 4.2;
				TARGETED_DEVICE_FAMILY = "1,2";
			};
			name = Release;
		};
/* End XCBuildConfiguration section */

/* Begin XCConfigurationList section */
		CD8689AE21EE55FA009039ED /* Build configuration list for PBXProject "ViewProgramatically" */ = {
			isa = XCConfigurationList;
			buildConfigurations = (
				CD8689C321EE5602009039ED /* Debug */,
				CD8689C421EE5602009039ED /* Release */,
			);
			defaultConfigurationIsVisible = 0;
			defaultConfigurationName = Release;
		};
		CD8689C521EE5602009039ED /* Build configuration list for PBXNativeTarget "ViewProgramatically" */ = {
			isa = XCConfigurationList;
			buildConfigurations = (
				CD8689C621EE5602009039ED /* Debug */,
				CD8689C721EE5602009039ED /* Release */,
			);
			defaultConfigurationIsVisible = 0;
			defaultConfigurationName = Release;
		};
/* End XCConfigurationList section */
	};
	rootObject = CD8689AB21EE55FA009039ED /* Project object */;
}
